// !$*UTF8*$!
{
	archiveVersion = 1;
	classes = {
	};
	objectVersion = 50;
	objects = {

/* Begin PBXBuildFile section */
		9C1524B123AB8FDB00272590 /* ReuseIdentifierTableView.swift in Sources */ = {isa = PBXBuildFile; fileRef = 9C1524B023AB8FDA00272590 /* ReuseIdentifierTableView.swift */; };
		9C3597D323A91BBE008A7DF4 /* ComicTableViewController.swift in Sources */ = {isa = PBXBuildFile; fileRef = 9C3597D223A91BBE008A7DF4 /* ComicTableViewController.swift */; };
		9C3597D523A91BD1008A7DF4 /* DetailViewController.swift in Sources */ = {isa = PBXBuildFile; fileRef = 9C3597D423A91BD1008A7DF4 /* DetailViewController.swift */; };
		9C3597D923A936DA008A7DF4 /* MarvelEndpoint.swift in Sources */ = {isa = PBXBuildFile; fileRef = 9C3597D823A936DA008A7DF4 /* MarvelEndpoint.swift */; };
		9C366ED523AA761D005530EE /* ComicData.swift in Sources */ = {isa = PBXBuildFile; fileRef = 9C366ED423AA761D005530EE /* ComicData.swift */; };
		9C366ED723AA7954005530EE /* ComicObjectData.swift in Sources */ = {isa = PBXBuildFile; fileRef = 9C366ED623AA7954005530EE /* ComicObjectData.swift */; };
		9CAE0C1823A7CFB700BB5885 /* AppDelegate.swift in Sources */ = {isa = PBXBuildFile; fileRef = 9CAE0C1723A7CFB700BB5885 /* AppDelegate.swift */; };
		9CAE0C1C23A7CFB700BB5885 /* StoryboardProtocol.swift in Sources */ = {isa = PBXBuildFile; fileRef = 9CAE0C1B23A7CFB700BB5885 /* StoryboardProtocol.swift */; };
		9CAE0C1E23A7CFB700BB5885 /* AppCoordinator.swift in Sources */ = {isa = PBXBuildFile; fileRef = 9CAE0C1D23A7CFB700BB5885 /* AppCoordinator.swift */; };
		9CAE0C2023A7CFB700BB5885 /* Coordinator.swift in Sources */ = {isa = PBXBuildFile; fileRef = 9CAE0C1F23A7CFB700BB5885 /* Coordinator.swift */; };
		9CAE0C2323A7CFB700BB5885 /* ComicTableViewController.storyboard in Resources */ = {isa = PBXBuildFile; fileRef = 9CAE0C2123A7CFB700BB5885 /* ComicTableViewController.storyboard */; };
		9CAE0C2523A7CFBD00BB5885 /* Assets.xcassets in Resources */ = {isa = PBXBuildFile; fileRef = 9CAE0C2423A7CFBD00BB5885 /* Assets.xcassets */; };
		9CAE0C2823A7CFBD00BB5885 /* LaunchScreen.storyboard in Resources */ = {isa = PBXBuildFile; fileRef = 9CAE0C2623A7CFBD00BB5885 /* LaunchScreen.storyboard */; };
		9CAE0C3323A7CFBE00BB5885 /* Marvel_Hero_demoTests.swift in Sources */ = {isa = PBXBuildFile; fileRef = 9CAE0C3223A7CFBE00BB5885 /* Marvel_Hero_demoTests.swift */; };
		9CAE0C3E23A7CFBE00BB5885 /* Marvel_Hero_demoUITests.swift in Sources */ = {isa = PBXBuildFile; fileRef = 9CAE0C3D23A7CFBE00BB5885 /* Marvel_Hero_demoUITests.swift */; };
		9CAE0C4C23A7DD6D00BB5885 /* DetailViewController.storyboard in Resources */ = {isa = PBXBuildFile; fileRef = 9CAE0C4B23A7DD6D00BB5885 /* DetailViewController.storyboard */; };
		9CAE0C5023A7EC6600BB5885 /* ComicResult.swift in Sources */ = {isa = PBXBuildFile; fileRef = 9CAE0C4F23A7EC6600BB5885 /* ComicResult.swift */; };
		9CAE0C5223A7ECC300BB5885 /* Thumbnail.swift in Sources */ = {isa = PBXBuildFile; fileRef = 9CAE0C5123A7ECC300BB5885 /* Thumbnail.swift */; };
		9CAE0C5823A837A400BB5885 /* MarvelDataLoader.swift in Sources */ = {isa = PBXBuildFile; fileRef = 9CAE0C5723A837A400BB5885 /* MarvelDataLoader.swift */; };
		9CAE0C5A23A8398100BB5885 /* APIError.swift in Sources */ = {isa = PBXBuildFile; fileRef = 9CAE0C5923A8398100BB5885 /* APIError.swift */; };
		9CAE0C5C23A8425300BB5885 /* UrlSessionProtocol.swift in Sources */ = {isa = PBXBuildFile; fileRef = 9CAE0C5B23A8425300BB5885 /* UrlSessionProtocol.swift */; };
		9CAE0C5E23A8439E00BB5885 /* Constants.swift in Sources */ = {isa = PBXBuildFile; fileRef = 9CAE0C5D23A8439E00BB5885 /* Constants.swift */; };
		A63E55201BA546319046334A /* libPods-Marvel-Hero-demo.a in Frameworks */ = {isa = PBXBuildFile; fileRef = BAADF59D3B2D37C296A195B7 /* libPods-Marvel-Hero-demo.a */; };
/* End PBXBuildFile section */

/* Begin PBXContainerItemProxy section */
		9CAE0C2F23A7CFBE00BB5885 /* PBXContainerItemProxy */ = {
			isa = PBXContainerItemProxy;
			containerPortal = 9CAE0C0C23A7CFB600BB5885 /* Project object */;
			proxyType = 1;
			remoteGlobalIDString = 9CAE0C1323A7CFB700BB5885;
			remoteInfo = "Marvel-Hero-demo";
		};
		9CAE0C3A23A7CFBE00BB5885 /* PBXContainerItemProxy */ = {
			isa = PBXContainerItemProxy;
			containerPortal = 9CAE0C0C23A7CFB600BB5885 /* Project object */;
			proxyType = 1;
			remoteGlobalIDString = 9CAE0C1323A7CFB700BB5885;
			remoteInfo = "Marvel-Hero-demo";
		};
/* End PBXContainerItemProxy section */

/* Begin PBXFileReference section */
		2B447D26D8E11B1DA95CE20C /* Pods-Marvel-Hero-demo.release.xcconfig */ = {isa = PBXFileReference; includeInIndex = 1; lastKnownFileType = text.xcconfig; name = "Pods-Marvel-Hero-demo.release.xcconfig"; path = "Target Support Files/Pods-Marvel-Hero-demo/Pods-Marvel-Hero-demo.release.xcconfig"; sourceTree = "<group>"; };
		9C1524B023AB8FDA00272590 /* ReuseIdentifierTableView.swift */ = {isa = PBXFileReference; lastKnownFileType = sourcecode.swift; path = ReuseIdentifierTableView.swift; sourceTree = "<group>"; };
		9C3597D223A91BBE008A7DF4 /* ComicTableViewController.swift */ = {isa = PBXFileReference; lastKnownFileType = sourcecode.swift; path = ComicTableViewController.swift; sourceTree = "<group>"; };
		9C3597D423A91BD1008A7DF4 /* DetailViewController.swift */ = {isa = PBXFileReference; lastKnownFileType = sourcecode.swift; path = DetailViewController.swift; sourceTree = "<group>"; };
		9C3597D823A936DA008A7DF4 /* MarvelEndpoint.swift */ = {isa = PBXFileReference; lastKnownFileType = sourcecode.swift; path = MarvelEndpoint.swift; sourceTree = "<group>"; };
		9C366ED423AA761D005530EE /* ComicData.swift */ = {isa = PBXFileReference; lastKnownFileType = sourcecode.swift; path = ComicData.swift; sourceTree = "<group>"; };
		9C366ED623AA7954005530EE /* ComicObjectData.swift */ = {isa = PBXFileReference; lastKnownFileType = sourcecode.swift; path = ComicObjectData.swift; sourceTree = "<group>"; };
		9C8833F123AC200200D2134F /* AlamofireImage.framework */ = {isa = PBXFileReference; explicitFileType = wrapper.framework; path = AlamofireImage.framework; sourceTree = BUILT_PRODUCTS_DIR; };
		9C8833F323AC200D00D2134F /* Alamofire.framework */ = {isa = PBXFileReference; explicitFileType = wrapper.framework; path = Alamofire.framework; sourceTree = BUILT_PRODUCTS_DIR; };
		9CAE0C1423A7CFB700BB5885 /* Marvel-Hero-demo.app */ = {isa = PBXFileReference; explicitFileType = wrapper.application; includeInIndex = 0; path = "Marvel-Hero-demo.app"; sourceTree = BUILT_PRODUCTS_DIR; };
		9CAE0C1723A7CFB700BB5885 /* AppDelegate.swift */ = {isa = PBXFileReference; lastKnownFileType = sourcecode.swift; path = AppDelegate.swift; sourceTree = "<group>"; };
		9CAE0C1B23A7CFB700BB5885 /* StoryboardProtocol.swift */ = {isa = PBXFileReference; lastKnownFileType = sourcecode.swift; path = StoryboardProtocol.swift; sourceTree = "<group>"; };
		9CAE0C1D23A7CFB700BB5885 /* AppCoordinator.swift */ = {isa = PBXFileReference; lastKnownFileType = sourcecode.swift; path = AppCoordinator.swift; sourceTree = "<group>"; };
		9CAE0C1F23A7CFB700BB5885 /* Coordinator.swift */ = {isa = PBXFileReference; lastKnownFileType = sourcecode.swift; path = Coordinator.swift; sourceTree = "<group>"; };
		9CAE0C2223A7CFB700BB5885 /* Base */ = {isa = PBXFileReference; lastKnownFileType = file.storyboard; name = Base; path = Base.lproj/ComicTableViewController.storyboard; sourceTree = "<group>"; };
		9CAE0C2423A7CFBD00BB5885 /* Assets.xcassets */ = {isa = PBXFileReference; lastKnownFileType = folder.assetcatalog; path = Assets.xcassets; sourceTree = "<group>"; };
		9CAE0C2723A7CFBD00BB5885 /* Base */ = {isa = PBXFileReference; lastKnownFileType = file.storyboard; name = Base; path = Base.lproj/LaunchScreen.storyboard; sourceTree = "<group>"; };
		9CAE0C2923A7CFBD00BB5885 /* Info.plist */ = {isa = PBXFileReference; lastKnownFileType = text.plist.xml; path = Info.plist; sourceTree = "<group>"; };
		9CAE0C2E23A7CFBE00BB5885 /* Marvel-Hero-demoTests.xctest */ = {isa = PBXFileReference; explicitFileType = wrapper.cfbundle; includeInIndex = 0; path = "Marvel-Hero-demoTests.xctest"; sourceTree = BUILT_PRODUCTS_DIR; };
		9CAE0C3223A7CFBE00BB5885 /* Marvel_Hero_demoTests.swift */ = {isa = PBXFileReference; lastKnownFileType = sourcecode.swift; path = Marvel_Hero_demoTests.swift; sourceTree = "<group>"; };
		9CAE0C3423A7CFBE00BB5885 /* Info.plist */ = {isa = PBXFileReference; lastKnownFileType = text.plist.xml; path = Info.plist; sourceTree = "<group>"; };
		9CAE0C3923A7CFBE00BB5885 /* Marvel-Hero-demoUITests.xctest */ = {isa = PBXFileReference; explicitFileType = wrapper.cfbundle; includeInIndex = 0; path = "Marvel-Hero-demoUITests.xctest"; sourceTree = BUILT_PRODUCTS_DIR; };
		9CAE0C3D23A7CFBE00BB5885 /* Marvel_Hero_demoUITests.swift */ = {isa = PBXFileReference; lastKnownFileType = sourcecode.swift; path = Marvel_Hero_demoUITests.swift; sourceTree = "<group>"; };
		9CAE0C3F23A7CFBE00BB5885 /* Info.plist */ = {isa = PBXFileReference; lastKnownFileType = text.plist.xml; path = Info.plist; sourceTree = "<group>"; };
		9CAE0C4B23A7DD6D00BB5885 /* DetailViewController.storyboard */ = {isa = PBXFileReference; lastKnownFileType = file.storyboard; path = DetailViewController.storyboard; sourceTree = "<group>"; };
		9CAE0C4F23A7EC6600BB5885 /* ComicResult.swift */ = {isa = PBXFileReference; lastKnownFileType = sourcecode.swift; path = ComicResult.swift; sourceTree = "<group>"; };
		9CAE0C5123A7ECC300BB5885 /* Thumbnail.swift */ = {isa = PBXFileReference; lastKnownFileType = sourcecode.swift; path = Thumbnail.swift; sourceTree = "<group>"; };
		9CAE0C5723A837A400BB5885 /* MarvelDataLoader.swift */ = {isa = PBXFileReference; lastKnownFileType = sourcecode.swift; path = MarvelDataLoader.swift; sourceTree = "<group>"; };
		9CAE0C5923A8398100BB5885 /* APIError.swift */ = {isa = PBXFileReference; lastKnownFileType = sourcecode.swift; path = APIError.swift; sourceTree = "<group>"; };
		9CAE0C5B23A8425300BB5885 /* UrlSessionProtocol.swift */ = {isa = PBXFileReference; lastKnownFileType = sourcecode.swift; path = UrlSessionProtocol.swift; sourceTree = "<group>"; };
		9CAE0C5D23A8439E00BB5885 /* Constants.swift */ = {isa = PBXFileReference; lastKnownFileType = sourcecode.swift; path = Constants.swift; sourceTree = "<group>"; };
		B1F4EC52ACF83B9D22CABAA7 /* Pods-Marvel-Hero-demo.debug.xcconfig */ = {isa = PBXFileReference; includeInIndex = 1; lastKnownFileType = text.xcconfig; name = "Pods-Marvel-Hero-demo.debug.xcconfig"; path = "Target Support Files/Pods-Marvel-Hero-demo/Pods-Marvel-Hero-demo.debug.xcconfig"; sourceTree = "<group>"; };
		BAADF59D3B2D37C296A195B7 /* libPods-Marvel-Hero-demo.a */ = {isa = PBXFileReference; explicitFileType = archive.ar; includeInIndex = 0; path = "libPods-Marvel-Hero-demo.a"; sourceTree = BUILT_PRODUCTS_DIR; };
/* End PBXFileReference section */

/* Begin PBXFrameworksBuildPhase section */
		9CAE0C1123A7CFB700BB5885 /* Frameworks */ = {
			isa = PBXFrameworksBuildPhase;
			buildActionMask = 2147483647;
			files = (
				A63E55201BA546319046334A /* libPods-Marvel-Hero-demo.a in Frameworks */,
			);
			runOnlyForDeploymentPostprocessing = 0;
		};
		9CAE0C2B23A7CFBE00BB5885 /* Frameworks */ = {
			isa = PBXFrameworksBuildPhase;
			buildActionMask = 2147483647;
			files = (
			);
			runOnlyForDeploymentPostprocessing = 0;
		};
		9CAE0C3623A7CFBE00BB5885 /* Frameworks */ = {
			isa = PBXFrameworksBuildPhase;
			buildActionMask = 2147483647;
			files = (
			);
			runOnlyForDeploymentPostprocessing = 0;
		};
/* End PBXFrameworksBuildPhase section */

/* Begin PBXGroup section */
		784658B5A9C809F7B98CA559 /* Frameworks */ = {
			isa = PBXGroup;
			children = (
				9C8833F323AC200D00D2134F /* Alamofire.framework */,
				9C8833F123AC200200D2134F /* AlamofireImage.framework */,
				BAADF59D3B2D37C296A195B7 /* libPods-Marvel-Hero-demo.a */,
			);
			name = Frameworks;
			sourceTree = "<group>";
		};
		9C1524AF23AB8F9400272590 /* Extensions */ = {
			isa = PBXGroup;
			children = (
				9C1524B023AB8FDA00272590 /* ReuseIdentifierTableView.swift */,
			);
			path = Extensions;
			sourceTree = "<group>";
		};
		9C3597D123A91BA1008A7DF4 /* Scenes */ = {
			isa = PBXGroup;
			children = (
				9C3597D223A91BBE008A7DF4 /* ComicTableViewController.swift */,
				9C3597D423A91BD1008A7DF4 /* DetailViewController.swift */,
			);
			path = Scenes;
			sourceTree = "<group>";
		};
		9CAE0C0B23A7CFB600BB5885 = {
			isa = PBXGroup;
			children = (
				9CAE0C1623A7CFB700BB5885 /* Marvel-Hero-demo */,
				9CAE0C3123A7CFBE00BB5885 /* Marvel-Hero-demoTests */,
				9CAE0C3C23A7CFBE00BB5885 /* Marvel-Hero-demoUITests */,
				9CAE0C1523A7CFB700BB5885 /* Products */,
				BF724A981DC8CD879201407A /* Pods */,
				784658B5A9C809F7B98CA559 /* Frameworks */,
			);
			sourceTree = "<group>";
		};
		9CAE0C1523A7CFB700BB5885 /* Products */ = {
			isa = PBXGroup;
			children = (
				9CAE0C1423A7CFB700BB5885 /* Marvel-Hero-demo.app */,
				9CAE0C2E23A7CFBE00BB5885 /* Marvel-Hero-demoTests.xctest */,
				9CAE0C3923A7CFBE00BB5885 /* Marvel-Hero-demoUITests.xctest */,
			);
			name = Products;
			sourceTree = "<group>";
		};
		9CAE0C1623A7CFB700BB5885 /* Marvel-Hero-demo */ = {
			isa = PBXGroup;
			children = (
				9C1524AF23AB8F9400272590 /* Extensions */,
				9C3597D123A91BA1008A7DF4 /* Scenes */,
				9CAE0C5623A8378900BB5885 /* Service */,
				9CAE0C5323A7EF0E00BB5885 /* Protocols */,
				9CAE0C4E23A7EC3B00BB5885 /* Models */,
				9CAE0C4D23A7EB8700BB5885 /* Resources */,
				9CAE0C1723A7CFB700BB5885 /* AppDelegate.swift */,
				9CAE0C1D23A7CFB700BB5885 /* AppCoordinator.swift */,
				9CAE0C2923A7CFBD00BB5885 /* Info.plist */,
			);
			path = "Marvel-Hero-demo";
			sourceTree = "<group>";
		};
		9CAE0C3123A7CFBE00BB5885 /* Marvel-Hero-demoTests */ = {
			isa = PBXGroup;
			children = (
				9CAE0C3223A7CFBE00BB5885 /* Marvel_Hero_demoTests.swift */,
				9CAE0C3423A7CFBE00BB5885 /* Info.plist */,
			);
			path = "Marvel-Hero-demoTests";
			sourceTree = "<group>";
		};
		9CAE0C3C23A7CFBE00BB5885 /* Marvel-Hero-demoUITests */ = {
			isa = PBXGroup;
			children = (
				9CAE0C3D23A7CFBE00BB5885 /* Marvel_Hero_demoUITests.swift */,
				9CAE0C3F23A7CFBE00BB5885 /* Info.plist */,
			);
			path = "Marvel-Hero-demoUITests";
			sourceTree = "<group>";
		};
		9CAE0C4D23A7EB8700BB5885 /* Resources */ = {
			isa = PBXGroup;
			children = (
				9CAE0C2423A7CFBD00BB5885 /* Assets.xcassets */,
				9CAE0C2123A7CFB700BB5885 /* ComicTableViewController.storyboard */,
				9CAE0C4B23A7DD6D00BB5885 /* DetailViewController.storyboard */,
				9CAE0C2623A7CFBD00BB5885 /* LaunchScreen.storyboard */,
			);
			path = Resources;
			sourceTree = "<group>";
		};
		9CAE0C4E23A7EC3B00BB5885 /* Models */ = {
			isa = PBXGroup;
			children = (
				9C366ED623AA7954005530EE /* ComicObjectData.swift */,
				9C366ED423AA761D005530EE /* ComicData.swift */,
				9CAE0C4F23A7EC6600BB5885 /* ComicResult.swift */,
				9CAE0C5123A7ECC300BB5885 /* Thumbnail.swift */,
				9CAE0C5D23A8439E00BB5885 /* Constants.swift */,
			);
			path = Models;
			sourceTree = "<group>";
		};
		9CAE0C5323A7EF0E00BB5885 /* Protocols */ = {
			isa = PBXGroup;
			children = (
				9CAE0C1F23A7CFB700BB5885 /* Coordinator.swift */,
				9CAE0C1B23A7CFB700BB5885 /* StoryboardProtocol.swift */,
				9CAE0C5B23A8425300BB5885 /* UrlSessionProtocol.swift */,
			);
			path = Protocols;
			sourceTree = "<group>";
		};
		9CAE0C5623A8378900BB5885 /* Service */ = {
			isa = PBXGroup;
			children = (
				9CAE0C5723A837A400BB5885 /* MarvelDataLoader.swift */,
				9C3597D823A936DA008A7DF4 /* MarvelEndpoint.swift */,
				9CAE0C5923A8398100BB5885 /* APIError.swift */,
			);
			path = Service;
			sourceTree = "<group>";
		};
		BF724A981DC8CD879201407A /* Pods */ = {
			isa = PBXGroup;
			children = (
				B1F4EC52ACF83B9D22CABAA7 /* Pods-Marvel-Hero-demo.debug.xcconfig */,
				2B447D26D8E11B1DA95CE20C /* Pods-Marvel-Hero-demo.release.xcconfig */,
			);
			path = Pods;
			sourceTree = "<group>";
		};
/* End PBXGroup section */

/* Begin PBXNativeTarget section */
		9CAE0C1323A7CFB700BB5885 /* Marvel-Hero-demo */ = {
			isa = PBXNativeTarget;
			buildConfigurationList = 9CAE0C4223A7CFBE00BB5885 /* Build configuration list for PBXNativeTarget "Marvel-Hero-demo" */;
			buildPhases = (
				9F985EA148DE55E438E6B141 /* [CP] Check Pods Manifest.lock */,
				9CAE0C1023A7CFB700BB5885 /* Sources */,
				9CAE0C1123A7CFB700BB5885 /* Frameworks */,
				9CAE0C1223A7CFB700BB5885 /* Resources */,
			);
			buildRules = (
			);
			dependencies = (
			);
			name = "Marvel-Hero-demo";
			productName = "Marvel-Hero-demo";
			productReference = 9CAE0C1423A7CFB700BB5885 /* Marvel-Hero-demo.app */;
			productType = "com.apple.product-type.application";
		};
		9CAE0C2D23A7CFBE00BB5885 /* Marvel-Hero-demoTests */ = {
			isa = PBXNativeTarget;
			buildConfigurationList = 9CAE0C4523A7CFBE00BB5885 /* Build configuration list for PBXNativeTarget "Marvel-Hero-demoTests" */;
			buildPhases = (
				9CAE0C2A23A7CFBE00BB5885 /* Sources */,
				9CAE0C2B23A7CFBE00BB5885 /* Frameworks */,
				9CAE0C2C23A7CFBE00BB5885 /* Resources */,
			);
			buildRules = (
			);
			dependencies = (
				9CAE0C3023A7CFBE00BB5885 /* PBXTargetDependency */,
			);
			name = "Marvel-Hero-demoTests";
			productName = "Marvel-Hero-demoTests";
			productReference = 9CAE0C2E23A7CFBE00BB5885 /* Marvel-Hero-demoTests.xctest */;
			productType = "com.apple.product-type.bundle.unit-test";
		};
		9CAE0C3823A7CFBE00BB5885 /* Marvel-Hero-demoUITests */ = {
			isa = PBXNativeTarget;
			buildConfigurationList = 9CAE0C4823A7CFBE00BB5885 /* Build configuration list for PBXNativeTarget "Marvel-Hero-demoUITests" */;
			buildPhases = (
				9CAE0C3523A7CFBE00BB5885 /* Sources */,
				9CAE0C3623A7CFBE00BB5885 /* Frameworks */,
				9CAE0C3723A7CFBE00BB5885 /* Resources */,
			);
			buildRules = (
			);
			dependencies = (
				9CAE0C3B23A7CFBE00BB5885 /* PBXTargetDependency */,
			);
			name = "Marvel-Hero-demoUITests";
			productName = "Marvel-Hero-demoUITests";
			productReference = 9CAE0C3923A7CFBE00BB5885 /* Marvel-Hero-demoUITests.xctest */;
			productType = "com.apple.product-type.bundle.ui-testing";
		};
/* End PBXNativeTarget section */

/* Begin PBXProject section */
		9CAE0C0C23A7CFB600BB5885 /* Project object */ = {
			isa = PBXProject;
			attributes = {
				LastSwiftUpdateCheck = 1120;
				LastUpgradeCheck = 1120;
				ORGANIZATIONNAME = "Marina Huber";
				TargetAttributes = {
					9CAE0C1323A7CFB700BB5885 = {
						CreatedOnToolsVersion = 11.2;
					};
					9CAE0C2D23A7CFBE00BB5885 = {
						CreatedOnToolsVersion = 11.2;
						TestTargetID = 9CAE0C1323A7CFB700BB5885;
					};
					9CAE0C3823A7CFBE00BB5885 = {
						CreatedOnToolsVersion = 11.2;
						TestTargetID = 9CAE0C1323A7CFB700BB5885;
					};
				};
			};
			buildConfigurationList = 9CAE0C0F23A7CFB700BB5885 /* Build configuration list for PBXProject "Marvel-Hero-demo" */;
			compatibilityVersion = "Xcode 9.3";
			developmentRegion = en;
			hasScannedForEncodings = 0;
			knownRegions = (
				en,
				Base,
			);
			mainGroup = 9CAE0C0B23A7CFB600BB5885;
			productRefGroup = 9CAE0C1523A7CFB700BB5885 /* Products */;
			projectDirPath = "";
			projectRoot = "";
			targets = (
				9CAE0C1323A7CFB700BB5885 /* Marvel-Hero-demo */,
				9CAE0C2D23A7CFBE00BB5885 /* Marvel-Hero-demoTests */,
				9CAE0C3823A7CFBE00BB5885 /* Marvel-Hero-demoUITests */,
			);
		};
/* End PBXProject section */

/* Begin PBXResourcesBuildPhase section */
		9CAE0C1223A7CFB700BB5885 /* Resources */ = {
			isa = PBXResourcesBuildPhase;
			buildActionMask = 2147483647;
			files = (
				9CAE0C4C23A7DD6D00BB5885 /* DetailViewController.storyboard in Resources */,
				9CAE0C2823A7CFBD00BB5885 /* LaunchScreen.storyboard in Resources */,
				9CAE0C2523A7CFBD00BB5885 /* Assets.xcassets in Resources */,
				9CAE0C2323A7CFB700BB5885 /* ComicTableViewController.storyboard in Resources */,
			);
			runOnlyForDeploymentPostprocessing = 0;
		};
		9CAE0C2C23A7CFBE00BB5885 /* Resources */ = {
			isa = PBXResourcesBuildPhase;
			buildActionMask = 2147483647;
			files = (
			);
			runOnlyForDeploymentPostprocessing = 0;
		};
		9CAE0C3723A7CFBE00BB5885 /* Resources */ = {
			isa = PBXResourcesBuildPhase;
			buildActionMask = 2147483647;
			files = (
			);
			runOnlyForDeploymentPostprocessing = 0;
		};
/* End PBXResourcesBuildPhase section */

/* Begin PBXShellScriptBuildPhase section */
		9F985EA148DE55E438E6B141 /* [CP] Check Pods Manifest.lock */ = {
			isa = PBXShellScriptBuildPhase;
			buildActionMask = 2147483647;
			files = (
			);
			inputFileListPaths = (
			);
			inputPaths = (
				"${PODS_PODFILE_DIR_PATH}/Podfile.lock",
				"${PODS_ROOT}/Manifest.lock",
			);
			name = "[CP] Check Pods Manifest.lock";
			outputFileListPaths = (
			);
			outputPaths = (
				"$(DERIVED_FILE_DIR)/Pods-Marvel-Hero-demo-checkManifestLockResult.txt",
			);
			runOnlyForDeploymentPostprocessing = 0;
			shellPath = /bin/sh;
			shellScript = "diff \"${PODS_PODFILE_DIR_PATH}/Podfile.lock\" \"${PODS_ROOT}/Manifest.lock\" > /dev/null\nif [ $? != 0 ] ; then\n    # print error to STDERR\n    echo \"error: The sandbox is not in sync with the Podfile.lock. Run 'pod install' or update your CocoaPods installation.\" >&2\n    exit 1\nfi\n# This output is used by Xcode 'outputs' to avoid re-running this script phase.\necho \"SUCCESS\" > \"${SCRIPT_OUTPUT_FILE_0}\"\n";
			showEnvVarsInLog = 0;
		};
/* End PBXShellScriptBuildPhase section */

/* Begin PBXSourcesBuildPhase section */
		9CAE0C1023A7CFB700BB5885 /* Sources */ = {
			isa = PBXSourcesBuildPhase;
			buildActionMask = 2147483647;
			files = (
				9CAE0C1E23A7CFB700BB5885 /* AppCoordinator.swift in Sources */,
				9C3597D323A91BBE008A7DF4 /* ComicTableViewController.swift in Sources */,
				9CAE0C5023A7EC6600BB5885 /* ComicResult.swift in Sources */,
				9CAE0C5C23A8425300BB5885 /* UrlSessionProtocol.swift in Sources */,
				9C366ED723AA7954005530EE /* ComicObjectData.swift in Sources */,
				9C3597D923A936DA008A7DF4 /* MarvelEndpoint.swift in Sources */,
				9CAE0C5A23A8398100BB5885 /* APIError.swift in Sources */,
				9CAE0C2023A7CFB700BB5885 /* Coordinator.swift in Sources */,
				9CAE0C1823A7CFB700BB5885 /* AppDelegate.swift in Sources */,
				9CAE0C1C23A7CFB700BB5885 /* StoryboardProtocol.swift in Sources */,
				9CAE0C5823A837A400BB5885 /* MarvelDataLoader.swift in Sources */,
				9CAE0C5223A7ECC300BB5885 /* Thumbnail.swift in Sources */,
				9CAE0C5E23A8439E00BB5885 /* Constants.swift in Sources */,
				9C3597D523A91BD1008A7DF4 /* DetailViewController.swift in Sources */,
				9C366ED523AA761D005530EE /* ComicData.swift in Sources */,
				9C1524B123AB8FDB00272590 /* ReuseIdentifierTableView.swift in Sources */,
			);
			runOnlyForDeploymentPostprocessing = 0;
		};
		9CAE0C2A23A7CFBE00BB5885 /* Sources */ = {
			isa = PBXSourcesBuildPhase;
			buildActionMask = 2147483647;
			files = (
				9CAE0C3323A7CFBE00BB5885 /* Marvel_Hero_demoTests.swift in Sources */,
			);
			runOnlyForDeploymentPostprocessing = 0;
		};
		9CAE0C3523A7CFBE00BB5885 /* Sources */ = {
			isa = PBXSourcesBuildPhase;
			buildActionMask = 2147483647;
			files = (
				9CAE0C3E23A7CFBE00BB5885 /* Marvel_Hero_demoUITests.swift in Sources */,
			);
			runOnlyForDeploymentPostprocessing = 0;
		};
/* End PBXSourcesBuildPhase section */

/* Begin PBXTargetDependency section */
		9CAE0C3023A7CFBE00BB5885 /* PBXTargetDependency */ = {
			isa = PBXTargetDependency;
			target = 9CAE0C1323A7CFB700BB5885 /* Marvel-Hero-demo */;
			targetProxy = 9CAE0C2F23A7CFBE00BB5885 /* PBXContainerItemProxy */;
		};
		9CAE0C3B23A7CFBE00BB5885 /* PBXTargetDependency */ = {
			isa = PBXTargetDependency;
			target = 9CAE0C1323A7CFB700BB5885 /* Marvel-Hero-demo */;
			targetProxy = 9CAE0C3A23A7CFBE00BB5885 /* PBXContainerItemProxy */;
		};
/* End PBXTargetDependency section */

/* Begin PBXVariantGroup section */
		9CAE0C2123A7CFB700BB5885 /* ComicTableViewController.storyboard */ = {
			isa = PBXVariantGroup;
			children = (
				9CAE0C2223A7CFB700BB5885 /* Base */,
			);
			name = ComicTableViewController.storyboard;
			sourceTree = "<group>";
		};
		9CAE0C2623A7CFBD00BB5885 /* LaunchScreen.storyboard */ = {
			isa = PBXVariantGroup;
			children = (
				9CAE0C2723A7CFBD00BB5885 /* Base */,
			);
			name = LaunchScreen.storyboard;
			sourceTree = "<group>";
		};
/* End PBXVariantGroup section */

/* Begin XCBuildConfiguration section */
		9CAE0C4023A7CFBE00BB5885 /* Debug */ = {
			isa = XCBuildConfiguration;
			buildSettings = {
				ALWAYS_SEARCH_USER_PATHS = NO;
				CLANG_ANALYZER_NONNULL = YES;
				CLANG_ANALYZER_NUMBER_OBJECT_CONVERSION = YES_AGGRESSIVE;
				CLANG_CXX_LANGUAGE_STANDARD = "gnu++14";
				CLANG_CXX_LIBRARY = "libc++";
				CLANG_ENABLE_MODULES = YES;
				CLANG_ENABLE_OBJC_ARC = YES;
				CLANG_ENABLE_OBJC_WEAK = YES;
				CLANG_WARN_BLOCK_CAPTURE_AUTORELEASING = YES;
				CLANG_WARN_BOOL_CONVERSION = YES;
				CLANG_WARN_COMMA = YES;
				CLANG_WARN_CONSTANT_CONVERSION = YES;
				CLANG_WARN_DEPRECATED_OBJC_IMPLEMENTATIONS = YES;
				CLANG_WARN_DIRECT_OBJC_ISA_USAGE = YES_ERROR;
				CLANG_WARN_DOCUMENTATION_COMMENTS = YES;
				CLANG_WARN_EMPTY_BODY = YES;
				CLANG_WARN_ENUM_CONVERSION = YES;
				CLANG_WARN_INFINITE_RECURSION = YES;
				CLANG_WARN_INT_CONVERSION = YES;
				CLANG_WARN_NON_LITERAL_NULL_CONVERSION = YES;
				CLANG_WARN_OBJC_IMPLICIT_RETAIN_SELF = YES;
				CLANG_WARN_OBJC_LITERAL_CONVERSION = YES;
				CLANG_WARN_OBJC_ROOT_CLASS = YES_ERROR;
				CLANG_WARN_RANGE_LOOP_ANALYSIS = YES;
				CLANG_WARN_STRICT_PROTOTYPES = YES;
				CLANG_WARN_SUSPICIOUS_MOVE = YES;
				CLANG_WARN_UNGUARDED_AVAILABILITY = YES_AGGRESSIVE;
				CLANG_WARN_UNREACHABLE_CODE = YES;
				CLANG_WARN__DUPLICATE_METHOD_MATCH = YES;
				COPY_PHASE_STRIP = NO;
				DEBUG_INFORMATION_FORMAT = dwarf;
				ENABLE_STRICT_OBJC_MSGSEND = YES;
				ENABLE_TESTABILITY = YES;
				GCC_C_LANGUAGE_STANDARD = gnu11;
				GCC_DYNAMIC_NO_PIC = NO;
				GCC_NO_COMMON_BLOCKS = YES;
				GCC_OPTIMIZATION_LEVEL = 0;
				GCC_PREPROCESSOR_DEFINITIONS = (
					"DEBUG=1",
					"$(inherited)",
				);
				GCC_WARN_64_TO_32_BIT_CONVERSION = YES;
				GCC_WARN_ABOUT_RETURN_TYPE = YES_ERROR;
				GCC_WARN_UNDECLARED_SELECTOR = YES;
				GCC_WARN_UNINITIALIZED_AUTOS = YES_AGGRESSIVE;
				GCC_WARN_UNUSED_FUNCTION = YES;
				GCC_WARN_UNUSED_VARIABLE = YES;
				IPHONEOS_DEPLOYMENT_TARGET = 13.2;
				MTL_ENABLE_DEBUG_INFO = INCLUDE_SOURCE;
				MTL_FAST_MATH = YES;
				ONLY_ACTIVE_ARCH = NO;
				SDKROOT = iphoneos;
				SWIFT_ACTIVE_COMPILATION_CONDITIONS = DEBUG;
				SWIFT_OPTIMIZATION_LEVEL = "-Onone";
			};
			name = Debug;
		};
		9CAE0C4123A7CFBE00BB5885 /* Release */ = {
			isa = XCBuildConfiguration;
			buildSettings = {
				ALWAYS_SEARCH_USER_PATHS = NO;
				CLANG_ANALYZER_NONNULL = YES;
				CLANG_ANALYZER_NUMBER_OBJECT_CONVERSION = YES_AGGRESSIVE;
				CLANG_CXX_LANGUAGE_STANDARD = "gnu++14";
				CLANG_CXX_LIBRARY = "libc++";
				CLANG_ENABLE_MODULES = YES;
				CLANG_ENABLE_OBJC_ARC = YES;
				CLANG_ENABLE_OBJC_WEAK = YES;
				CLANG_WARN_BLOCK_CAPTURE_AUTORELEASING = YES;
				CLANG_WARN_BOOL_CONVERSION = YES;
				CLANG_WARN_COMMA = YES;
				CLANG_WARN_CONSTANT_CONVERSION = YES;
				CLANG_WARN_DEPRECATED_OBJC_IMPLEMENTATIONS = YES;
				CLANG_WARN_DIRECT_OBJC_ISA_USAGE = YES_ERROR;
				CLANG_WARN_DOCUMENTATION_COMMENTS = YES;
				CLANG_WARN_EMPTY_BODY = YES;
				CLANG_WARN_ENUM_CONVERSION = YES;
				CLANG_WARN_INFINITE_RECURSION = YES;
				CLANG_WARN_INT_CONVERSION = YES;
				CLANG_WARN_NON_LITERAL_NULL_CONVERSION = YES;
				CLANG_WARN_OBJC_IMPLICIT_RETAIN_SELF = YES;
				CLANG_WARN_OBJC_LITERAL_CONVERSION = YES;
				CLANG_WARN_OBJC_ROOT_CLASS = YES_ERROR;
				CLANG_WARN_RANGE_LOOP_ANALYSIS = YES;
				CLANG_WARN_STRICT_PROTOTYPES = YES;
				CLANG_WARN_SUSPICIOUS_MOVE = YES;
				CLANG_WARN_UNGUARDED_AVAILABILITY = YES_AGGRESSIVE;
				CLANG_WARN_UNREACHABLE_CODE = YES;
				CLANG_WARN__DUPLICATE_METHOD_MATCH = YES;
				COPY_PHASE_STRIP = NO;
				DEBUG_INFORMATION_FORMAT = "dwarf-with-dsym";
				ENABLE_NS_ASSERTIONS = NO;
				ENABLE_STRICT_OBJC_MSGSEND = YES;
				GCC_C_LANGUAGE_STANDARD = gnu11;
				GCC_NO_COMMON_BLOCKS = YES;
				GCC_WARN_64_TO_32_BIT_CONVERSION = YES;
				GCC_WARN_ABOUT_RETURN_TYPE = YES_ERROR;
				GCC_WARN_UNDECLARED_SELECTOR = YES;
				GCC_WARN_UNINITIALIZED_AUTOS = YES_AGGRESSIVE;
				GCC_WARN_UNUSED_FUNCTION = YES;
				GCC_WARN_UNUSED_VARIABLE = YES;
				IPHONEOS_DEPLOYMENT_TARGET = 13.2;
				MTL_ENABLE_DEBUG_INFO = NO;
				MTL_FAST_MATH = YES;
				SDKROOT = iphoneos;
				SWIFT_COMPILATION_MODE = wholemodule;
				SWIFT_OPTIMIZATION_LEVEL = "-O";
				VALIDATE_PRODUCT = YES;
			};
			name = Release;
		};
		9CAE0C4323A7CFBE00BB5885 /* Debug */ = {
			isa = XCBuildConfiguration;
			baseConfigurationReference = B1F4EC52ACF83B9D22CABAA7 /* Pods-Marvel-Hero-demo.debug.xcconfig */;
			buildSettings = {
				ASSETCATALOG_COMPILER_APPICON_NAME = AppIcon;
				CODE_SIGN_STYLE = Automatic;
				DEVELOPMENT_TEAM = HBS2B82CVU;
				INFOPLIST_FILE = "Marvel-Hero-demo/Info.plist";
				LD_RUNPATH_SEARCH_PATHS = (
					"$(inherited)",
					"@executable_path/Frameworks",
				);
				PRODUCT_BUNDLE_IDENTIFIER = "com.marinahuber.Marvel-Hero-demo";
				PRODUCT_NAME = "$(TARGET_NAME)";
				SWIFT_VERSION = 5.0;
				TARGETED_DEVICE_FAMILY = "1,2";
			};
			name = Debug;
		};
		9CAE0C4423A7CFBE00BB5885 /* Release */ = {
			isa = XCBuildConfiguration;
			baseConfigurationReference = 2B447D26D8E11B1DA95CE20C /* Pods-Marvel-Hero-demo.release.xcconfig */;
			buildSettings = {
				ASSETCATALOG_COMPILER_APPICON_NAME = AppIcon;
				CODE_SIGN_STYLE = Automatic;
				DEVELOPMENT_TEAM = HBS2B82CVU;
				INFOPLIST_FILE = "Marvel-Hero-demo/Info.plist";
				LD_RUNPATH_SEARCH_PATHS = (
					"$(inherited)",
					"@executable_path/Frameworks",
				);
				PRODUCT_BUNDLE_IDENTIFIER = "com.marinahuber.Marvel-Hero-demo";
				PRODUCT_NAME = "$(TARGET_NAME)";
				SWIFT_VERSION = 5.0;
				TARGETED_DEVICE_FAMILY = "1,2";
			};
			name = Release;
		};
		9CAE0C4623A7CFBE00BB5885 /* Debug */ = {
			isa = XCBuildConfiguration;
			buildSettings = {
				ALWAYS_EMBED_SWIFT_STANDARD_LIBRARIES = YES;
				BUNDLE_LOADER = "$(TEST_HOST)";
				CODE_SIGN_STYLE = Automatic;
				INFOPLIST_FILE = "Marvel-Hero-demoTests/Info.plist";
				IPHONEOS_DEPLOYMENT_TARGET = 13.2;
				LD_RUNPATH_SEARCH_PATHS = (
					"$(inherited)",
					"@executable_path/Frameworks",
					"@loader_path/Frameworks",
				);
				PRODUCT_BUNDLE_IDENTIFIER = "com.marinahuber.Marvel-Hero-demo.Marvel-Hero-demoTests";
				PRODUCT_NAME = "$(TARGET_NAME)";
				SWIFT_VERSION = 5.0;
				TARGETED_DEVICE_FAMILY = "1,2";
				TEST_HOST = "$(BUILT_PRODUCTS_DIR)/Marvel-Hero-demo.app/Marvel-Hero-demo";
			};
			name = Debug;
		};
		9CAE0C4723A7CFBE00BB5885 /* Release */ = {
			isa = XCBuildConfiguration;
			buildSettings = {
				ALWAYS_EMBED_SWIFT_STANDARD_LIBRARIES = YES;
				BUNDLE_LOADER = "$(TEST_HOST)";
				CODE_SIGN_STYLE = Automatic;
				INFOPLIST_FILE = "Marvel-Hero-demoTests/Info.plist";
				IPHONEOS_DEPLOYMENT_TARGET = 13.2;
				LD_RUNPATH_SEARCH_PATHS = (
					"$(inherited)",
					"@executable_path/Frameworks",
					"@loader_path/Frameworks",
				);
				PRODUCT_BUNDLE_IDENTIFIER = "com.marinahuber.Marvel-Hero-demo.Marvel-Hero-demoTests";
				PRODUCT_NAME = "$(TARGET_NAME)";
				SWIFT_VERSION = 5.0;
				TARGETED_DEVICE_FAMILY = "1,2";
				TEST_HOST = "$(BUILT_PRODUCTS_DIR)/Marvel-Hero-demo.app/Marvel-Hero-demo";
			};
			name = Release;
		};
		9CAE0C4923A7CFBE00BB5885 /* Debug */ = {
			isa = XCBuildConfiguration;
			buildSettings = {
				ALWAYS_EMBED_SWIFT_STANDARD_LIBRARIES = YES;
				CODE_SIGN_STYLE = Automatic;
				INFOPLIST_FILE = "Marvel-Hero-demoUITests/Info.plist";
				LD_RUNPATH_SEARCH_PATHS = (
					"$(inherited)",
					"@executable_path/Frameworks",
					"@loader_path/Frameworks",
				);
				PRODUCT_BUNDLE_IDENTIFIER = "com.marinahuber.Marvel-Hero-demo.Marvel-Hero-demoUITests";
				PRODUCT_NAME = "$(TARGET_NAME)";
				SWIFT_VERSION = 5.0;
				TARGETED_DEVICE_FAMILY = "1,2";
				TEST_TARGET_NAME = "Marvel-Hero-demo";
			};
			name = Debug;
		};
		9CAE0C4A23A7CFBE00BB5885 /* Release */ = {
			isa = XCBuildConfiguration;
			buildSettings = {
				ALWAYS_EMBED_SWIFT_STANDARD_LIBRARIES = YES;
				CODE_SIGN_STYLE = Automatic;
				INFOPLIST_FILE = "Marvel-Hero-demoUITests/Info.plist";
				LD_RUNPATH_SEARCH_PATHS = (
					"$(inherited)",
					"@executable_path/Frameworks",
					"@loader_path/Frameworks",
				);
				PRODUCT_BUNDLE_IDENTIFIER = "com.marinahuber.Marvel-Hero-demo.Marvel-Hero-demoUITests";
				PRODUCT_NAME = "$(TARGET_NAME)";
				SWIFT_VERSION = 5.0;
				TARGETED_DEVICE_FAMILY = "1,2";
				TEST_TARGET_NAME = "Marvel-Hero-demo";
			};
			name = Release;
		};
/* End XCBuildConfiguration section */

/* Begin XCConfigurationList section */
		9CAE0C0F23A7CFB700BB5885 /* Build configuration list for PBXProject "Marvel-Hero-demo" */ = {
			isa = XCConfigurationList;
			buildConfigurations = (
				9CAE0C4023A7CFBE00BB5885 /* Debug */,
				9CAE0C4123A7CFBE00BB5885 /* Release */,
			);
			defaultConfigurationIsVisible = 0;
			defaultConfigurationName = Release;
		};
		9CAE0C4223A7CFBE00BB5885 /* Build configuration list for PBXNativeTarget "Marvel-Hero-demo" */ = {
			isa = XCConfigurationList;
			buildConfigurations = (
				9CAE0C4323A7CFBE00BB5885 /* Debug */,
				9CAE0C4423A7CFBE00BB5885 /* Release */,
			);
			defaultConfigurationIsVisible = 0;
			defaultConfigurationName = Release;
		};
		9CAE0C4523A7CFBE00BB5885 /* Build configuration list for PBXNativeTarget "Marvel-Hero-demoTests" */ = {
			isa = XCConfigurationList;
			buildConfigurations = (
				9CAE0C4623A7CFBE00BB5885 /* Debug */,
				9CAE0C4723A7CFBE00BB5885 /* Release */,
			);
			defaultConfigurationIsVisible = 0;
			defaultConfigurationName = Release;
		};
		9CAE0C4823A7CFBE00BB5885 /* Build configuration list for PBXNativeTarget "Marvel-Hero-demoUITests" */ = {
			isa = XCConfigurationList;
			buildConfigurations = (
				9CAE0C4923A7CFBE00BB5885 /* Debug */,
				9CAE0C4A23A7CFBE00BB5885 /* Release */,
			);
			defaultConfigurationIsVisible = 0;
			defaultConfigurationName = Release;
		};
/* End XCConfigurationList section */
	};
	rootObject = 9CAE0C0C23A7CFB600BB5885 /* Project object */;
}
